
Microsoft Visual Studio Solution File, Format Version 12.00
# Visual Studio 14
VisualStudioVersion = 14.0.24720.0
MinimumVisualStudioVersion = 10.0.40219.1
Project("{8BC9CEB8-8B4A-11D0-8D11-00A0C91BC942}") = "thread", "thread_vc9.vcxproj", "{8CC2B40D-76F5-5F03-8B79-C490BF1F8A55}"
EndProject
Global
	GlobalSection(SolutionConfigurationPlatforms) = preSolution
		Debug|x64 = Debug|x64
		Debug|x86 = Debug|x86
		DLL Debug|x64 = DLL Debug|x64
		DLL Debug|x86 = DLL Debug|x86
		DLL Release|x64 = DLL Release|x64
		DLL Release|x86 = DLL Release|x86
		Release|x64 = Release|x64
		Release|x86 = Release|x86
	EndGlobalSection
	GlobalSection(ProjectConfigurationPlatforms) = postSolution
		{8CC2B40D-76F5-5F03-8B79-C490BF1F8A55}.Debug|x64.ActiveCfg = Debug|x64
		{8CC2B40D-76F5-5F03-8B79-C490BF1F8A55}.Debug|x64.Build.0 = Debug|x64
		{8CC2B40D-76F5-5F03-8B79-C490BF1F8A55}.Debug|x86.ActiveCfg = Debug|Win32
		{8CC2B40D-76F5-5F03-8B79-C490BF1F8A55}.Debug|x86.Build.0 = Debug|Win32
		{8CC2B40D-76F5-5F03-8B79-C490BF1F8A55}.DLL Debug|x64.ActiveCfg = DLL Debug|x64
		{8CC2B40D-76F5-5F03-8B79-C490BF1F8A55}.DLL Debug|x64.Build.0 = DLL Debug|x64
		{8CC2B40D-76F5-5F03-8B79-C490BF1F8A55}.DLL Debug|x86.ActiveCfg = DLL Debug|Win32
		{8CC2B40D-76F5-5F03-8B79-C490BF1F8A55}.DLL Debug|x86.Build.0 = DLL Debug|Win32
		{8CC2B40D-76F5-5F03-8B79-C490BF1F8A55}.DLL Release|x64.ActiveCfg = DLL Release|x64
		{8CC2B40D-76F5-5F03-8B79-C490BF1F8A55}.DLL Release|x64.Build.0 = DLL Release|x64
		{8CC2B40D-76F5-5F03-8B79-C490BF1F8A55}.DLL Release|x86.ActiveCfg = DLL Release|Win32
		{8CC2B40D-76F5-5F03-8B79-C490BF1F8A55}.DLL Release|x86.Build.0 = DLL Release|Win32
		{8CC2B40D-76F5-5F03-8B79-C490BF1F8A55}.Release|x64.ActiveCfg = Release|x64
		{8CC2B40D-76F5-5F03-8B79-C490BF1F8A55}.Release|x64.Build.0 = Release|x64
		{8CC2B40D-76F5-5F03-8B79-C490BF1F8A55}.Release|x86.ActiveCfg = Release|Win32
		{8CC2B40D-76F5-5F03-8B79-C490BF1F8A55}.Release|x86.Build.0 = Release|Win32
	EndGlobalSection
	GlobalSection(SolutionProperties) = preSolution
		HideSolutionNode = FALSE
	EndGlobalSection
EndGlobal
