<?xml version="1.0" encoding="utf-8"?>
<Project ToolsVersion="4.0" xmlns="http://schemas.microsoft.com/developer/msbuild/2003">
  <ItemGroup>
    <Filter Include="Source Files">
      <UniqueIdentifier>{4FC737F1-C7A5-4376-A066-2A32D752A2FF}</UniqueIdentifier>
      <Extensions>cpp;c;cc;cxx;def;odl;idl;hpj;bat;asm;asmx</Extensions>
    </Filter>
    <Filter Include="Header Files">
      <UniqueIdentifier>{93995380-89BD-4b04-88EB-625FBE52EBFB}</UniqueIdentifier>
      <Extensions>h;hh;hpp;hxx;hm;inl;inc;xsd</Extensions>
    </Filter>
    <Filter Include="Resource Files">
      <UniqueIdentifier>{67DA6AB6-F800-4c08-8B7A-83BB121AAD01}</UniqueIdentifier>
      <Extensions>rc;ico;cur;bmp;dlg;rc2;rct;bin;rgs;gif;jpg;jpeg;jpe;resx;tiff;tif;png;wav;mfcribbon-ms</Extensions>
    </Filter>
    <Filter Include="Source Files\Devices">
      <UniqueIdentifier>{73e1643a-ac4a-4f30-9781-7d9bfdf59333}</UniqueIdentifier>
    </Filter>
    <Filter Include="Header Files\Devices">
      <UniqueIdentifier>{92404818-114e-4585-9894-89cd738d5dcd}</UniqueIdentifier>
    </Filter>
    <Filter Include="Source Files\System">
      <UniqueIdentifier>{1a178f38-14b9-4b46-bde1-aa68fcf6da3c}</UniqueIdentifier>
    </Filter>
    <Filter Include="Header Files\System">
      <UniqueIdentifier>{9de7d454-7a57-47e0-aab1-521ede18bb63}</UniqueIdentifier>
    </Filter>
    <Filter Include="Header Files\Widgets">
      <UniqueIdentifier>{bf265039-ee49-494e-9c1b-efea3f7b701f}</UniqueIdentifier>
    </Filter>
    <Filter Include="Source Files\Widgets">
      <UniqueIdentifier>{33a3bb4a-b05c-4b88-8953-9860c223d543}</UniqueIdentifier>
    </Filter>
    <Filter Include="Header Files\AudioIO">
      <UniqueIdentifier>{63f80e60-653b-46d6-9fb7-0843578506d2}</UniqueIdentifier>
    </Filter>
    <Filter Include="Source Files\AudioIO">
      <UniqueIdentifier>{6f432dae-dae9-4c6f-9a8c-51f0f8a44ed3}</UniqueIdentifier>
    </Filter>
    <Filter Include="Header Files\DSP">
      <UniqueIdentifier>{af5c0d48-7594-4328-92eb-c08aa016fcf6}</UniqueIdentifier>
    </Filter>
    <Filter Include="Source Files\DSP">
      <UniqueIdentifier>{d7e2745b-f515-4bb3-82aa-e7ec6ea25104}</UniqueIdentifier>
    </Filter>
    <Filter Include="Source Files\DSP\adapters">
      <UniqueIdentifier>{55ba0906-74e9-4946-ab43-4f9dfb2ef440}</UniqueIdentifier>
    </Filter>
    <Filter Include="Source Files\DSP\kissfft">
      <UniqueIdentifier>{8731d3b9-c165-4f0e-9255-117d6f8e76a8}</UniqueIdentifier>
    </Filter>
    <Filter Include="Header Files\DSP\adapters">
      <UniqueIdentifier>{1d63f3e7-2a47-43e4-9568-a0441c479d32}</UniqueIdentifier>
    </Filter>
    <Filter Include="Header Files\DSP\kissfft">
      <UniqueIdentifier>{ad5b1b5a-f461-44cf-b465-26d21325d406}</UniqueIdentifier>
    </Filter>
    <Filter Include="Source Files\SigGen">
      <UniqueIdentifier>{f7342840-cecf-4bc4-a3b0-a182af6188d8}</UniqueIdentifier>
    </Filter>
    <Filter Include="Header Files\SigGen">
      <UniqueIdentifier>{30cea169-b4b8-4ed4-8ed7-ea0971f8abce}</UniqueIdentifier>
    </Filter>
    <Filter Include="Source Files\DSP\Utilities">
      <UniqueIdentifier>{93c9f977-0508-4a1b-9800-13be17d6b02d}</UniqueIdentifier>
    </Filter>
    <Filter Include="Header Files\DSP\Utilities">
      <UniqueIdentifier>{2ee25b5f-b848-4835-ad3d-b5a76cb2808f}</UniqueIdentifier>
    </Filter>
    <Filter Include="Header Files\Analysers">
      <UniqueIdentifier>{0e3d6e82-cc9e-437e-9548-ce4f8a1c665c}</UniqueIdentifier>
    </Filter>
    <Filter Include="Source Files\Analysers">
      <UniqueIdentifier>{3c835eef-98de-4b14-816b-f543774e3a38}</UniqueIdentifier>
    </Filter>
    <Filter Include="Source Files\AudioIO\pablio">
      <UniqueIdentifier>{ea5f501f-6b60-4cb6-a027-286780d77180}</UniqueIdentifier>
    </Filter>
    <Filter Include="Header Files\AudioIO\pablio">
      <UniqueIdentifier>{67e47123-0a02-457d-bfc6-11746eab1cbd}</UniqueIdentifier>
    </Filter>
  </ItemGroup>
  <ItemGroup>
    <ClCompile Include="..\..\AVPTesterApp.cpp">
      <Filter>Source Files</Filter>
    </ClCompile>
    <ClCompile Include="..\..\AVPTesterMain.cpp">
      <Filter>Source Files</Filter>
    </ClCompile>
    <ClCompile Include="..\..\Devices\ADevicesManager.cpp">
      <Filter>Source Files\Devices</Filter>
    </ClCompile>
    <ClCompile Include="..\..\System\Prefs.cpp">
      <Filter>Source Files\System</Filter>
    </ClCompile>
    <ClCompile Include="..\..\AudioDevicesPanel.cpp">
      <Filter>Source Files</Filter>
    </ClCompile>
    <ClCompile Include="..\..\Widgets\RimPanel.cpp">
      <Filter>Source Files\Widgets</Filter>
    </ClCompile>
    <ClCompile Include="..\..\Widgets\GButton.cpp">
      <Filter>Source Files\Widgets</Filter>
    </ClCompile>
    <ClCompile Include="..\..\AudioIO\AudioEngine.cpp">
      <Filter>Source Files\AudioIO</Filter>
    </ClCompile>
    <ClCompile Include="..\..\Widgets\VuMeter.cpp">
      <Filter>Source Files\Widgets</Filter>
    </ClCompile>
    <ClCompile Include="..\..\AudioIO\LevelAnalyser.cpp">
      <Filter>Source Files\AudioIO</Filter>
    </ClCompile>
    <ClCompile Include="..\..\AudioIO\ParametersQueue.cpp">
      <Filter>Source Files\AudioIO</Filter>
    </ClCompile>
    <ClCompile Include="..\..\Widgets\wxMathPlot\mathplot.cpp">
      <Filter>Source Files\Widgets</Filter>
    </ClCompile>
    <ClCompile Include="..\..\Widgets\awohSpin.cpp">
      <Filter>Source Files\Widgets</Filter>
    </ClCompile>
    <ClCompile Include="..\..\DSP\adapters\RingBufferFloat.cpp">
      <Filter>Source Files\DSP\adapters</Filter>
    </ClCompile>
    <ClCompile Include="..\..\DSP\kissfft\tools\kiss_fftr.c">
      <Filter>Source Files\DSP\kissfft</Filter>
    </ClCompile>
    <ClCompile Include="..\..\DSP\kissfft\kiss_fft.c">
      <Filter>Source Files\DSP\kissfft</Filter>
    </ClCompile>
    <ClCompile Include="..\..\DSP\GenMetricQueue.cpp">
      <Filter>Source Files\DSP</Filter>
    </ClCompile>
    <ClCompile Include="..\..\DSP\KFFTWrapper.cpp">
      <Filter>Source Files\DSP</Filter>
    </ClCompile>
    <ClCompile Include="..\..\SigGen\WavFileWriter.cpp">
      <Filter>Source Files\SigGen</Filter>
    </ClCompile>
    <ClCompile Include="..\..\SigGen\AudioFileWriter.cpp">
      <Filter>Source Files\SigGen</Filter>
    </ClCompile>
    <ClCompile Include="..\..\AudioDevicesDialog.cpp">
      <Filter>Source Files</Filter>
    </ClCompile>
    <ClCompile Include="..\..\TestManager.cpp">
      <Filter>Source Files</Filter>
    </ClCompile>
    <ClCompile Include="..\..\DSP\FFTAnalyser.cpp">
      <Filter>Source Files\DSP</Filter>
    </ClCompile>
    <ClCompile Include="..\..\DSP\Utils\MathUtilities.cpp">
      <Filter>Source Files\DSP\Utilities</Filter>
    </ClCompile>
    <ClCompile Include="..\..\Analysers\StepsFrequencyResponse.cpp">
      <Filter>Source Files\Analysers</Filter>
    </ClCompile>
    <ClCompile Include="..\..\DSP\HFFilter.cpp">
      <Filter>Source Files\DSP</Filter>
    </ClCompile>
    <ClCompile Include="..\..\ResultsDialog.cpp">
      <Filter>Source Files</Filter>
    </ClCompile>
    <ClCompile Include="..\..\SigGen\OctaveToneGenerator.cpp">
      <Filter>Source Files\SigGen</Filter>
    </ClCompile>
    <ClCompile Include="..\..\Analysers\SegmentLocator.cpp">
      <Filter>Source Files\Analysers</Filter>
    </ClCompile>
    <ClCompile Include="..\..\SigGen\SingleSineToneGenerator.cpp">
      <Filter>Source Files\SigGen</Filter>
    </ClCompile>
    <ClCompile Include="..\..\Analysers\THDNoise.cpp">
      <Filter>Source Files\Analysers</Filter>
    </ClCompile>
    <ClCompile Include="..\..\Analysers\FADGIAnalyser.cpp">
      <Filter>Source Files\Analysers</Filter>
    </ClCompile>
    <ClCompile Include="..\..\Analysers\Crosstalk.cpp">
      <Filter>Source Files\Analysers</Filter>
    </ClCompile>
    <ClCompile Include="..\..\AudioIO\pablio\pablio.c">
      <Filter>Source Files\AudioIO\pablio</Filter>
    </ClCompile>
    <ClCompile Include="..\..\SigGen\DualSineToneGenerator.cpp">
      <Filter>Source Files\SigGen</Filter>
    </ClCompile>
    <ClCompile Include="..\..\Analysers\IMD.cpp">
      <Filter>Source Files\Analysers</Filter>
    </ClCompile>
    <ClCompile Include="..\..\Analysers\SpIS.cpp">
      <Filter>Source Files\Analysers</Filter>
    </ClCompile>
    <ClCompile Include="..\..\SigGen\FADGIGenerator.cpp">
      <Filter>Source Files\SigGen</Filter>
    </ClCompile>
    <ClCompile Include="..\..\AboutADCTDialog.cpp">
      <Filter>Source Files</Filter>
    </ClCompile>
    <ClCompile Include="..\..\ParamEditDialog.cpp">
      <Filter>Source Files</Filter>
    </ClCompile>
  </ItemGroup>
  <ItemGroup>
    <ClInclude Include="..\..\AVPTesterApp.h">
      <Filter>Header Files</Filter>
    </ClInclude>
    <ClInclude Include="..\..\AVPTesterMain.h">
      <Filter>Header Files</Filter>
    </ClInclude>
    <ClInclude Include="..\..\Devices\ADevicesManager.h">
      <Filter>Header Files\Devices</Filter>
    </ClInclude>
    <ClInclude Include="..\..\System\Prefs.h">
      <Filter>Header Files\System</Filter>
    </ClInclude>
    <ClInclude Include="..\..\AudioDevicesPanel.h">
      <Filter>Header Files</Filter>
    </ClInclude>
    <ClInclude Include="..\..\Widgets\RimPanel.h">
      <Filter>Header Files\Widgets</Filter>
    </ClInclude>
    <ClInclude Include="..\..\Widgets\QPxColours.h">
      <Filter>Header Files\Widgets</Filter>
    </ClInclude>
    <ClInclude Include="..\..\Widgets\GButton.h">
      <Filter>Header Files\Widgets</Filter>
    </ClInclude>
    <ClInclude Include="..\..\AudioIO\AudioEngine.h">
      <Filter>Header Files\AudioIO</Filter>
    </ClInclude>
    <ClInclude Include="..\..\AudioIO\LevelAnalyser.h">
      <Filter>Header Files\AudioIO</Filter>
    </ClInclude>
    <ClInclude Include="..\..\Widgets\VuMeter.h">
      <Filter>Header Files\Widgets</Filter>
    </ClInclude>
    <ClInclude Include="..\..\AudioIO\ParametersQueue.h">
      <Filter>Header Files\AudioIO</Filter>
    </ClInclude>
    <ClInclude Include="..\..\AudioIO\ProcessParams.h">
      <Filter>Header Files\AudioIO</Filter>
    </ClInclude>
    <ClInclude Include="..\..\Widgets\wxMathPlot\mathplot.h">
      <Filter>Header Files\Widgets</Filter>
    </ClInclude>
    <ClInclude Include="..\..\Widgets\awohSpin.h">
      <Filter>Header Files\Widgets</Filter>
    </ClInclude>
    <ClInclude Include="..\..\DSP\GenMetricQueue.h">
      <Filter>Header Files\DSP</Filter>
    </ClInclude>
    <ClInclude Include="..\..\DSP\KFFTWrapper.h">
      <Filter>Header Files\DSP</Filter>
    </ClInclude>
    <ClInclude Include="..\..\DSP\window.h">
      <Filter>Header Files\DSP</Filter>
    </ClInclude>
    <ClInclude Include="..\..\DSP\adapters\RingBufferFloat.h">
      <Filter>Header Files\DSP\adapters</Filter>
    </ClInclude>
    <ClInclude Include="..\..\DSP\kissfft\tools\kiss_fftr.h">
      <Filter>Header Files\DSP\kissfft</Filter>
    </ClInclude>
    <ClInclude Include="..\..\DSP\kissfft\_kiss_fft_guts.h">
      <Filter>Header Files\DSP\kissfft</Filter>
    </ClInclude>
    <ClInclude Include="..\..\DSP\kissfft\kiss_fft.h">
      <Filter>Header Files\DSP\kissfft</Filter>
    </ClInclude>
    <ClInclude Include="..\..\DSP\kissfft\kissfft.hh">
      <Filter>Header Files\DSP\kissfft</Filter>
    </ClInclude>
    <ClInclude Include="..\..\SigGen\AudioFileWriter.h">
      <Filter>Header Files\SigGen</Filter>
    </ClInclude>
    <ClInclude Include="..\..\SigGen\WavFileWriter.h">
      <Filter>Header Files\SigGen</Filter>
    </ClInclude>
    <ClInclude Include="..\..\AudioDevicesDialog.h">
      <Filter>Header Files</Filter>
    </ClInclude>
    <ClInclude Include="..\..\TestManager.h">
      <Filter>Header Files</Filter>
    </ClInclude>
    <ClInclude Include="..\..\DSP\FFTAnalyser.h">
      <Filter>Header Files\DSP</Filter>
    </ClInclude>
    <ClInclude Include="..\..\DSP\Utils\MathUtilities.h">
      <Filter>Header Files\DSP\Utilities</Filter>
    </ClInclude>
    <ClInclude Include="..\..\Analysers\StepsFrequencyResponse.h">
      <Filter>Header Files\Analysers</Filter>
    </ClInclude>
    <ClInclude Include="..\..\DSP\HFFilter.h">
      <Filter>Header Files\DSP</Filter>
    </ClInclude>
    <ClInclude Include="..\..\ResultsDialog.h">
      <Filter>Header Files</Filter>
    </ClInclude>
    <ClInclude Include="..\..\SigGen\OctaveToneGenerator.h">
      <Filter>Header Files\SigGen</Filter>
    </ClInclude>
    <ClInclude Include="..\..\Analysers\SegmentLocator.h">
      <Filter>Header Files\Analysers</Filter>
    </ClInclude>
    <ClInclude Include="..\..\SigGen\SingleSineToneGenerator.h">
      <Filter>Header Files\SigGen</Filter>
    </ClInclude>
    <ClInclude Include="..\..\Analysers\THDNoise.h">
      <Filter>Header Files\Analysers</Filter>
    </ClInclude>
    <ClInclude Include="..\..\Analysers\FADGIAnalyser.h">
      <Filter>Header Files\Analysers</Filter>
    </ClInclude>
    <ClInclude Include="..\..\Analysers\Crosstalk.h">
      <Filter>Header Files\Analysers</Filter>
    </ClInclude>
    <ClInclude Include="..\..\AudioIO\pablio\pablio.h">
      <Filter>Header Files\AudioIO\pablio</Filter>
    </ClInclude>
    <ClInclude Include="..\..\SigGen\DualSineToneGenerator.h">
      <Filter>Header Files\SigGen</Filter>
    </ClInclude>
    <ClInclude Include="..\..\Analysers\IMD.h">
      <Filter>Header Files\Analysers</Filter>
    </ClInclude>
    <ClInclude Include="..\..\Analysers\SpIS.h">
      <Filter>Header Files\Analysers</Filter>
    </ClInclude>
    <ClInclude Include="..\..\SigGen\FADGIGenerator.h">
      <Filter>Header Files\SigGen</Filter>
    </ClInclude>
    <ClInclude Include="..\..\AboutADCTDialog.h">
      <Filter>Header Files</Filter>
    </ClInclude>
    <ClInclude Include="..\..\ParamEditDialog.h">
      <Filter>Header Files</Filter>
    </ClInclude>
  </ItemGroup>
  <ItemGroup>
    <ResourceCompile Include="..\..\resource.rc">
      <Filter>Resource Files</Filter>
    </ResourceCompile>
  </ItemGroup>
</Project>